// !$*UTF8*$!
{
	archiveVersion = 1;
	classes = {
	};
	objectVersion = 46;
	objects = {

/* Begin PBXBuildFile section */
		D2D72FCD1B0FD45200BE5DDC /* AppDelegate.swift in Sources */ = {isa = PBXBuildFile; fileRef = D2D72FCC1B0FD45200BE5DDC /* AppDelegate.swift */; };
		D2D72FCF1B0FD45200BE5DDC /* ViewController.swift in Sources */ = {isa = PBXBuildFile; fileRef = D2D72FCE1B0FD45200BE5DDC /* ViewController.swift */; };
		D2D72FD21B0FD45200BE5DDC /* Main.storyboard in Resources */ = {isa = PBXBuildFile; fileRef = D2D72FD01B0FD45200BE5DDC /* Main.storyboard */; };
		D2D72FD41B0FD45200BE5DDC /* Images.xcassets in Resources */ = {isa = PBXBuildFile; fileRef = D2D72FD31B0FD45200BE5DDC /* Images.xcassets */; };
		D2D72FD71B0FD45200BE5DDC /* LaunchScreen.xib in Resources */ = {isa = PBXBuildFile; fileRef = D2D72FD51B0FD45200BE5DDC /* LaunchScreen.xib */; };
		D2D72FE31B0FD45200BE5DDC /* OKmHERETests.swift in Sources */ = {isa = PBXBuildFile; fileRef = D2D72FE21B0FD45200BE5DDC /* OKmHERETests.swift */; };
/* End PBXBuildFile section */

/* Begin PBXContainerItemProxy section */
		D2D72FDD1B0FD45200BE5DDC /* PBXContainerItemProxy */ = {
			isa = PBXContainerItemProxy;
			containerPortal = D2D72FBF1B0FD45200BE5DDC /* Project object */;
			proxyType = 1;
			remoteGlobalIDString = D2D72FC61B0FD45200BE5DDC;
			remoteInfo = OKmHERE;
		};
/* End PBXContainerItemProxy section */

/* Begin PBXFileReference section */
		D2D72FC71B0FD45200BE5DDC /* OKmHERE.app */ = {isa = PBXFileReference; explicitFileType = wrapper.application; includeInIndex = 0; path = OKmHERE.app; sourceTree = BUILT_PRODUCTS_DIR; };
		D2D72FCB1B0FD45200BE5DDC /* Info.plist */ = {isa = PBXFileReference; lastKnownFileType = text.plist.xml; path = Info.plist; sourceTree = "<group>"; };
		D2D72FCC1B0FD45200BE5DDC /* AppDelegate.swift */ = {isa = PBXFileReference; lastKnownFileType = sourcecode.swift; path = AppDelegate.swift; sourceTree = "<group>"; };
		D2D72FCE1B0FD45200BE5DDC /* ViewController.swift */ = {isa = PBXFileReference; lastKnownFileType = sourcecode.swift; path = ViewController.swift; sourceTree = "<group>"; };
		D2D72FD11B0FD45200BE5DDC /* Base */ = {isa = PBXFileReference; lastKnownFileType = file.storyboard; name = Base; path = Base.lproj/Main.storyboard; sourceTree = "<group>"; };
		D2D72FD31B0FD45200BE5DDC /* Images.xcassets */ = {isa = PBXFileReference; lastKnownFileType = folder.assetcatalog; path = Images.xcassets; sourceTree = "<group>"; };
		D2D72FD61B0FD45200BE5DDC /* Base */ = {isa = PBXFileReference; lastKnownFileType = file.xib; name = Base; path = Base.lproj/LaunchScreen.xib; sourceTree = "<group>"; };
		D2D72FDC1B0FD45200BE5DDC /* OKmHERETests.xctest */ = {isa = PBXFileReference; explicitFileType = wrapper.cfbundle; includeInIndex = 0; path = OKmHERETests.xctest; sourceTree = BUILT_PRODUCTS_DIR; };
		D2D72FE11B0FD45200BE5DDC /* Info.plist */ = {isa = PBXFileReference; lastKnownFileType = text.plist.xml; path = Info.plist; sourceTree = "<group>"; };
		D2D72FE21B0FD45200BE5DDC /* OKmHERETests.swift */ = {isa = PBXFileReference; lastKnownFileType = sourcecode.swift; path = OKmHERETests.swift; sourceTree = "<group>"; };
/* End PBXFileReference section */

/* Begin PBXFrameworksBuildPhase section */
		D2D72FC41B0FD45200BE5DDC /* Frameworks */ = {
			isa = PBXFrameworksBuildPhase;
			buildActionMask = 2147483647;
			files = (
			);
			runOnlyForDeploymentPostprocessing = 0;
		};
		D2D72FD91B0FD45200BE5DDC /* Frameworks */ = {
			isa = PBXFrameworksBuildPhase;
			buildActionMask = 2147483647;
			files = (
			);
			runOnlyForDeploymentPostprocessing = 0;
		};
/* End PBXFrameworksBuildPhase section */

/* Begin PBXGroup section */
		D2D72FBE1B0FD45200BE5DDC = {
			isa = PBXGroup;
			children = (
				D2D72FC91B0FD45200BE5DDC /* OKmHERE */,
				D2D72FDF1B0FD45200BE5DDC /* OKmHERETests */,
				D2D72FC81B0FD45200BE5DDC /* Products */,
			);
			sourceTree = "<group>";
		};
		D2D72FC81B0FD45200BE5DDC /* Products */ = {
			isa = PBXGroup;
			children = (
				D2D72FC71B0FD45200BE5DDC /* OKmHERE.app */,
				D2D72FDC1B0FD45200BE5DDC /* OKmHERETests.xctest */,
			);
			name = Products;
			sourceTree = "<group>";
		};
		D2D72FC91B0FD45200BE5DDC /* OKmHERE */ = {
			isa = PBXGroup;
			children = (
				D2D72FCC1B0FD45200BE5DDC /* AppDelegate.swift */,
				D2D72FCE1B0FD45200BE5DDC /* ViewController.swift */,
				D2D72FD01B0FD45200BE5DDC /* Main.storyboard */,
				D2D72FD31B0FD45200BE5DDC /* Images.xcassets */,
				D2D72FD51B0FD45200BE5DDC /* LaunchScreen.xib */,
				D2D72FCA1B0FD45200BE5DDC /* Supporting Files */,
			);
			path = OKmHERE;
			sourceTree = "<group>";
		};
		D2D72FCA1B0FD45200BE5DDC /* Supporting Files */ = {
			isa = PBXGroup;
			children = (
				D2D72FCB1B0FD45200BE5DDC /* Info.plist */,
			);
			name = "Supporting Files";
			sourceTree = "<group>";
		};
		D2D72FDF1B0FD45200BE5DDC /* OKmHERETests */ = {
			isa = PBXGroup;
			children = (
				D2D72FE21B0FD45200BE5DDC /* OKmHERETests.swift */,
				D2D72FE01B0FD45200BE5DDC /* Supporting Files */,
			);
			path = OKmHERETests;
			sourceTree = "<group>";
		};
		D2D72FE01B0FD45200BE5DDC /* Supporting Files */ = {
			isa = PBXGroup;
			children = (
				D2D72FE11B0FD45200BE5DDC /* Info.plist */,
			);
			name = "Supporting Files";
			sourceTree = "<group>";
		};
/* End PBXGroup section */

/* Begin PBXNativeTarget section */
		D2D72FC61B0FD45200BE5DDC /* OKmHERE */ = {
			isa = PBXNativeTarget;
			buildConfigurationList = D2D72FE61B0FD45200BE5DDC /* Build configuration list for PBXNativeTarget "OKmHERE" */;
			buildPhases = (
				D2D72FC31B0FD45200BE5DDC /* Sources */,
				D2D72FC41B0FD45200BE5DDC /* Frameworks */,
				D2D72FC51B0FD45200BE5DDC /* Resources */,
			);
			buildRules = (
			);
			dependencies = (
			);
			name = OKmHERE;
			productName = OKmHERE;
			productReference = D2D72FC71B0FD45200BE5DDC /* OKmHERE.app */;
			productType = "com.apple.product-type.application";
		};
		D2D72FDB1B0FD45200BE5DDC /* OKmHERETests */ = {
			isa = PBXNativeTarget;
			buildConfigurationList = D2D72FE91B0FD45200BE5DDC /* Build configuration list for PBXNativeTarget "OKmHERETests" */;
			buildPhases = (
				D2D72FD81B0FD45200BE5DDC /* Sources */,
				D2D72FD91B0FD45200BE5DDC /* Frameworks */,
				D2D72FDA1B0FD45200BE5DDC /* Resources */,
			);
			buildRules = (
			);
			dependencies = (
				D2D72FDE1B0FD45200BE5DDC /* PBXTargetDependency */,
			);
			name = OKmHERETests;
			productName = OKmHERETests;
			productReference = D2D72FDC1B0FD45200BE5DDC /* OKmHERETests.xctest */;
			productType = "com.apple.product-type.bundle.unit-test";
		};
/* End PBXNativeTarget section */

/* Begin PBXProject section */
		D2D72FBF1B0FD45200BE5DDC /* Project object */ = {
			isa = PBXProject;
			attributes = {
				LastUpgradeCheck = 0610;
				ORGANIZATIONNAME = "Scott Kornblatt";
				TargetAttributes = {
					D2D72FC61B0FD45200BE5DDC = {
						CreatedOnToolsVersion = 6.1.1;
					};
					D2D72FDB1B0FD45200BE5DDC = {
						CreatedOnToolsVersion = 6.1.1;
						TestTargetID = D2D72FC61B0FD45200BE5DDC;
					};
				};
			};
			buildConfigurationList = D2D72FC21B0FD45200BE5DDC /* Build configuration list for PBXProject "OKmHERE" */;
			compatibilityVersion = "Xcode 3.2";
			developmentRegion = English;
			hasScannedForEncodings = 0;
			knownRegions = (
				en,
				Base,
			);
			mainGroup = D2D72FBE1B0FD45200BE5DDC;
			productRefGroup = D2D72FC81B0FD45200BE5DDC /* Products */;
			projectDirPath = "";
			projectRoot = "";
			targets = (
				D2D72FC61B0FD45200BE5DDC /* OKmHERE */,
				D2D72FDB1B0FD45200BE5DDC /* OKmHERETests */,
			);
		};
/* End PBXProject section */

/* Begin PBXResourcesBuildPhase section */
		D2D72FC51B0FD45200BE5DDC /* Resources */ = {
			isa = PBXResourcesBuildPhase;
			buildActionMask = 2147483647;
			files = (
				D2D72FD21B0FD45200BE5DDC /* Main.storyboard in Resources */,
				D2D72FD71B0FD45200BE5DDC /* LaunchScreen.xib in Resources */,
				D2D72FD41B0FD45200BE5DDC /* Images.xcassets in Resources */,
			);
			runOnlyForDeploymentPostprocessing = 0;
		};
		D2D72FDA1B0FD45200BE5DDC /* Resources */ = {
			isa = PBXResourcesBuildPhase;
			buildActionMask = 2147483647;
			files = (
			);
			runOnlyForDeploymentPostprocessing = 0;
		};
/* End PBXResourcesBuildPhase section */

/* Begin PBXSourcesBuildPhase section */
		D2D72FC31B0FD45200BE5DDC /* Sources */ = {
			isa = PBXSourcesBuildPhase;
			buildActionMask = 2147483647;
			files = (
				D2D72FCF1B0FD45200BE5DDC /* ViewController.swift in Sources */,
				D2D72FCD1B0FD45200BE5DDC /* AppDelegate.swift in Sources */,
			);
			runOnlyForDeploymentPostprocessing = 0;
		};
		D2D72FD81B0FD45200BE5DDC /* Sources */ = {
			isa = PBXSourcesBuildPhase;
			buildActionMask = 2147483647;
			files = (
				D2D72FE31B0FD45200BE5DDC /* OKmHERETests.swift in Sources */,
			);
			runOnlyForDeploymentPostprocessing = 0;
		};
/* End PBXSourcesBuildPhase section */

/* Begin PBXTargetDependency section */
		D2D72FDE1B0FD45200BE5DDC /* PBXTargetDependency */ = {
			isa = PBXTargetDependency;
			target = D2D72FC61B0FD45200BE5DDC /* OKmHERE */;
			targetProxy = D2D72FDD1B0FD45200BE5DDC /* PBXContainerItemProxy */;
		};
/* End PBXTargetDependency section */

/* Begin PBXVariantGroup section */
		D2D72FD01B0FD45200BE5DDC /* Main.storyboard */ = {
			isa = PBXVariantGroup;
			children = (
				D2D72FD11B0FD45200BE5DDC /* Base */,
			);
			name = Main.storyboard;
			sourceTree = "<group>";
		};
		D2D72FD51B0FD45200BE5DDC /* LaunchScreen.xib */ = {
			isa = PBXVariantGroup;
			children = (
				D2D72FD61B0FD45200BE5DDC /* Base */,
			);
			name = LaunchScreen.xib;
			sourceTree = "<group>";
		};
/* End PBXVariantGroup section */

/* Begin XCBuildConfiguration section */
		D2D72FE41B0FD45200BE5DDC /* Debug */ = {
			isa = XCBuildConfiguration;
			buildSettings = {
				ALWAYS_SEARCH_USER_PATHS = NO;
				CLANG_CXX_LANGUAGE_STANDARD = "gnu++0x";
				CLANG_CXX_LIBRARY = "libc++";
				CLANG_ENABLE_MODULES = YES;
				CLANG_ENABLE_OBJC_ARC = YES;
				CLANG_WARN_BOOL_CONVERSION = YES;
				CLANG_WARN_CONSTANT_CONVERSION = YES;
				CLANG_WARN_DIRECT_OBJC_ISA_USAGE = YES_ERROR;
				CLANG_WARN_EMPTY_BODY = YES;
				CLANG_WARN_ENUM_CONVERSION = YES;
				CLANG_WARN_INT_CONVERSION = YES;
				CLANG_WARN_OBJC_ROOT_CLASS = YES_ERROR;
				CLANG_WARN_UNREACHABLE_CODE = YES;
				CLANG_WARN__DUPLICATE_METHOD_MATCH = YES;
				"CODE_SIGN_IDENTITY[sdk=iphoneos*]" = "iPhone Developer";
				COPY_PHASE_STRIP = NO;
				ENABLE_STRICT_OBJC_MSGSEND = YES;
				GCC_C_LANGUAGE_STANDARD = gnu99;
				GCC_DYNAMIC_NO_PIC = NO;
				GCC_OPTIMIZATION_LEVEL = 0;
				GCC_PREPROCESSOR_DEFINITIONS = (
					"DEBUG=1",
					"$(inherited)",
				);
				GCC_SYMBOLS_PRIVATE_EXTERN = NO;
				GCC_WARN_64_TO_32_BIT_CONVERSION = YES;
				GCC_WARN_ABOUT_RETURN_TYPE = YES_ERROR;
				GCC_WARN_UNDECLARED_SELECTOR = YES;
				GCC_WARN_UNINITIALIZED_AUTOS = YES_AGGRESSIVE;
				GCC_WARN_UNUSED_FUNCTION = YES;
				GCC_WARN_UNUSED_VARIABLE = YES;
				IPHONEOS_DEPLOYMENT_TARGET = 8.1;
				MTL_ENABLE_DEBUG_INFO = YES;
				ONLY_ACTIVE_ARCH = YES;
				SDKROOT = iphoneos;
				SWIFT_OPTIMIZATION_LEVEL = "-Onone";
			};
			name = Debug;
		};
		D2D72FE51B0FD45200BE5DDC /* Release */ = {
			isa = XCBuildConfiguration;
			buildSettings = {
				ALWAYS_SEARCH_USER_PATHS = NO;
				CLANG_CXX_LANGUAGE_STANDARD = "gnu++0x";
				CLANG_CXX_LIBRARY = "libc++";
				CLANG_ENABLE_MODULES = YES;
				CLANG_ENABLE_OBJC_ARC = YES;
				CLANG_WARN_BOOL_CONVERSION = YES;
				CLANG_WARN_CONSTANT_CONVERSION = YES;
				CLANG_WARN_DIRECT_OBJC_ISA_USAGE = YES_ERROR;
				CLANG_WARN_EMPTY_BODY = YES;
				CLANG_WARN_ENUM_CONVERSION = YES;
				CLANG_WARN_INT_CONVERSION = YES;
				CLANG_WARN_OBJC_ROOT_CLASS = YES_ERROR;
				CLANG_WARN_UNREACHABLE_CODE = YES;
				CLANG_WARN__DUPLICATE_METHOD_MATCH = YES;
				"CODE_SIGN_IDENTITY[sdk=iphoneos*]" = "iPhone Developer";
				COPY_PHASE_STRIP = YES;
				ENABLE_NS_ASSERTIONS = NO;
				ENABLE_STRICT_OBJC_MSGSEND = YES;
				GCC_C_LANGUAGE_STANDARD = gnu99;
				GCC_WARN_64_TO_32_BIT_CONVERSION = YES;
				GCC_WARN_ABOUT_RETURN_TYPE = YES_ERROR;
				GCC_WARN_UNDECLARED_SELECTOR = YES;
				GCC_WARN_UNINITIALIZED_AUTOS = YES_AGGRESSIVE;
				GCC_WARN_UNUSED_FUNCTION = YES;
				GCC_WARN_UNUSED_VARIABLE = YES;
				IPHONEOS_DEPLOYMENT_TARGET = 8.1;
				MTL_ENABLE_DEBUG_INFO = NO;
				SDKROOT = iphoneos;
				VALIDATE_PRODUCT = YES;
			};
			name = Release;
		};
		D2D72FE71B0FD45200BE5DDC /* Debug */ = {
			isa = XCBuildConfiguration;
			buildSettings = {
				ASSETCATALOG_COMPILER_APPICON_NAME = AppIcon;
				INFOPLIST_FILE = OKmHERE/Info.plist;
				LD_RUNPATH_SEARCH_PATHS = "$(inherited) @executable_path/Frameworks";
				PRODUCT_NAME = "$(TARGET_NAME)";
			};
			name = Debug;
		};
		D2D72FE81B0FD45200BE5DDC /* Release */ = {
			isa = XCBuildConfiguration;
			buildSettings = {
				ASSETCATALOG_COMPILER_APPICON_NAME = AppIcon;
				INFOPLIST_FILE = OKmHERE/Info.plist;
				LD_RUNPATH_SEARCH_PATHS = "$(inherited) @executable_path/Frameworks";
				PRODUCT_NAME = "$(TARGET_NAME)";
			};
			name = Release;
		};
		D2D72FEA1B0FD45200BE5DDC /* Debug */ = {
			isa = XCBuildConfiguration;
			buildSettings = {
				BUNDLE_LOADER = "$(TEST_HOST)";
				FRAMEWORK_SEARCH_PATHS = (
					"$(SDKROOT)/Developer/Library/Frameworks",
					"$(inherited)",
				);
				GCC_PREPROCESSOR_DEFINITIONS = (
					"DEBUG=1",
					"$(inherited)",
				);
				INFOPLIST_FILE = OKmHERETests/Info.plist;
				LD_RUNPATH_SEARCH_PATHS = "$(inherited) @executable_path/Frameworks @loader_path/Frameworks";
				PRODUCT_NAME = "$(TARGET_NAME)";
				TEST_HOST = "$(BUILT_PRODUCTS_DIR)/OKmHERE.app/OKmHERE";
			};
			name = Debug;
		};
		D2D72FEB1B0FD45200BE5DDC /* Release */ = {
			isa = XCBuildConfiguration;
			buildSettings = {
				BUNDLE_LOADER = "$(TEST_HOST)";
				FRAMEWORK_SEARCH_PATHS = (
					"$(SDKROOT)/Developer/Library/Frameworks",
					"$(inherited)",
				);
				INFOPLIST_FILE = OKmHERETests/Info.plist;
				LD_RUNPATH_SEARCH_PATHS = "$(inherited) @executable_path/Frameworks @loader_path/Frameworks";
				PRODUCT_NAME = "$(TARGET_NAME)";
				TEST_HOST = "$(BUILT_PRODUCTS_DIR)/OKmHERE.app/OKmHERE";
			};
			name = Release;
		};
/* End XCBuildConfiguration section */

/* Begin XCConfigurationList section */
		D2D72FC21B0FD45200BE5DDC /* Build configuration list for PBXProject "OKmHERE" */ = {
			isa = XCConfigurationList;
			buildConfigurations = (
				D2D72FE41B0FD45200BE5DDC /* Debug */,
				D2D72FE51B0FD45200BE5DDC /* Release */,
			);
			defaultConfigurationIsVisible = 0;
			defaultConfigurationName = Release;
		};
		D2D72FE61B0FD45200BE5DDC /* Build configuration list for PBXNativeTarget "OKmHERE" */ = {
			isa = XCConfigurationList;
			buildConfigurations = (
				D2D72FE71B0FD45200BE5DDC /* Debug */,
				D2D72FE81B0FD45200BE5DDC /* Release */,
			);
			defaultConfigurationIsVisible = 0;
		};
		D2D72FE91B0FD45200BE5DDC /* Build configuration list for PBXNativeTarget "OKmHERETests" */ = {
			isa = XCConfigurationList;
			buildConfigurations = (
				D2D72FEA1B0FD45200BE5DDC /* Debug */,
				D2D72FEB1B0FD45200BE5DDC /* Release */,
			);
			defaultConfigurationIsVisible = 0;
		};
/* End XCConfigurationList section */
	};
	rootObject = D2D72FBF1B0FD45200BE5DDC /* Project object */;
}
